
Microsoft Visual Studio Solution File, Format Version 12.00
# Visual Studio Version 17
VisualStudioVersion = 17.7.34202.233
MinimumVisualStudioVersion = 10.0.40219.1
Project("{FAE04EC0-301F-11D3-BF4B-00C04F79EFBC}") = "EnumStructClass", "Lab02\EnumStructClass.csproj", "{B6572481-D85D-48AF-9EA8-4A9B2608832C}"
EndProject
Project("{FAE04EC0-301F-11D3-BF4B-00C04F79EFBC}") = "Operators", "Operators\Operators.csproj", "{1CF36463-BFEA-4F8F-AA25-0D9B5E0FC90E}"
EndProject
Project("{FAE04EC0-301F-11D3-BF4B-00C04F79EFBC}") = "StandardInterfaces", "StandardInterfaces\StandardInterfaces.csproj", "{D10A40BB-B407-4DFE-9618-75B4117E82D1}"
EndProject
Global
	GlobalSection(SolutionConfigurationPlatforms) = preSolution
		Debug|Any CPU = Debug|Any CPU
		Release|Any CPU = Release|Any CPU
	EndGlobalSection
	GlobalSection(ProjectConfigurationPlatforms) = postSolution
		{B6572481-D85D-48AF-9EA8-4A9B2608832C}.Debug|Any CPU.ActiveCfg = Debug|Any CPU
		{B6572481-D85D-48AF-9EA8-4A9B2608832C}.Debug|Any CPU.Build.0 = Debug|Any CPU
		{B6572481-D85D-48AF-9EA8-4A9B2608832C}.Release|Any CPU.ActiveCfg = Release|Any CPU
		{B6572481-D85D-48AF-9EA8-4A9B2608832C}.Release|Any CPU.Build.0 = Release|Any CPU
		{1CF36463-BFEA-4F8F-AA25-0D9B5E0FC90E}.Debug|Any CPU.ActiveCfg = Debug|Any CPU
		{1CF36463-BFEA-4F8F-AA25-0D9B5E0FC90E}.Debug|Any CPU.Build.0 = Debug|Any CPU
		{1CF36463-BFEA-4F8F-AA25-0D9B5E0FC90E}.Release|Any CPU.ActiveCfg = Release|Any CPU
		{1CF36463-BFEA-4F8F-AA25-0D9B5E0FC90E}.Release|Any CPU.Build.0 = Release|Any CPU
		{D10A40BB-B407-4DFE-9618-75B4117E82D1}.Debug|Any CPU.ActiveCfg = Debug|Any CPU
		{D10A40BB-B407-4DFE-9618-75B4117E82D1}.Debug|Any CPU.Build.0 = Debug|Any CPU
		{D10A40BB-B407-4DFE-9618-75B4117E82D1}.Release|Any CPU.ActiveCfg = Release|Any CPU
		{D10A40BB-B407-4DFE-9618-75B4117E82D1}.Release|Any CPU.Build.0 = Release|Any CPU
	EndGlobalSection
	GlobalSection(SolutionProperties) = preSolution
		HideSolutionNode = FALSE
	EndGlobalSection
	GlobalSection(ExtensibilityGlobals) = postSolution
		SolutionGuid = {D1F9CD63-4825-47A6-BF85-FAFEC330024E}
	EndGlobalSection
EndGlobal
