
Microsoft Visual Studio Solution File, Format Version 12.00
# Visual Studio Version 17
VisualStudioVersion = 17.7.34202.233
MinimumVisualStudioVersion = 10.0.40219.1
Project("{FAE04EC0-301F-11D3-BF4B-00C04F79EFBC}") = "Lab03", "Lab03\Lab03.csproj", "{29ACB59E-13B6-4180-818F-07D59F9401FB}"
EndProject
Global
	GlobalSection(SolutionConfigurationPlatforms) = preSolution
		Debug|Any CPU = Debug|Any CPU
		Release|Any CPU = Release|Any CPU
	EndGlobalSection
	GlobalSection(ProjectConfigurationPlatforms) = postSolution
		{29ACB59E-13B6-4180-818F-07D59F9401FB}.Debug|Any CPU.ActiveCfg = Debug|Any CPU
		{29ACB59E-13B6-4180-818F-07D59F9401FB}.Debug|Any CPU.Build.0 = Debug|Any CPU
		{29ACB59E-13B6-4180-818F-07D59F9401FB}.Release|Any CPU.ActiveCfg = Release|Any CPU
		{29ACB59E-13B6-4180-818F-07D59F9401FB}.Release|Any CPU.Build.0 = Release|Any CPU
	EndGlobalSection
	GlobalSection(SolutionProperties) = preSolution
		HideSolutionNode = FALSE
	EndGlobalSection
	GlobalSection(ExtensibilityGlobals) = postSolution
		SolutionGuid = {8EB182DC-3FF8-4B6D-A759-9BD1076F7504}
	EndGlobalSection
EndGlobal
